// !$*UTF8*$!
{
	archiveVersion = 1;
	classes = {
	};
	objectVersion = 77;
	objects = {

/* Begin PBXBuildFile section */
		150D87B12D99D47500F37F26 /* LEDControlIntent.appex in Embed ExtensionKit Extensions */ = {isa = PBXBuildFile; fileRef = 150D87A82D99D47500F37F26 /* LEDControlIntent.appex */; settings = {ATTRIBUTES = (RemoveHeadersOnCopy, ); }; };
/* End PBXBuildFile section */

/* Begin PBXContainerItemProxy section */
		150D87AF2D99D47500F37F26 /* PBXContainerItemProxy */ = {
			isa = PBXContainerItemProxy;
			containerPortal = 1579B5642D87A740004E829C /* Project object */;
			proxyType = 1;
			remoteGlobalIDString = 150D87A72D99D47500F37F26;
			remoteInfo = LEDControlIntent;
		};
		1579B57D2D87A741004E829C /* PBXContainerItemProxy */ = {
			isa = PBXContainerItemProxy;
			containerPortal = 1579B5642D87A740004E829C /* Project object */;
			proxyType = 1;
			remoteGlobalIDString = 1579B56B2D87A740004E829C;
			remoteInfo = "led-hub-client";
		};
		1579B5872D87A741004E829C /* PBXContainerItemProxy */ = {
			isa = PBXContainerItemProxy;
			containerPortal = 1579B5642D87A740004E829C /* Project object */;
			proxyType = 1;
			remoteGlobalIDString = 1579B56B2D87A740004E829C;
			remoteInfo = "led-hub-client";
		};
/* End PBXContainerItemProxy section */

/* Begin PBXCopyFilesBuildPhase section */
		150D87B62D99D47500F37F26 /* Embed ExtensionKit Extensions */ = {
			isa = PBXCopyFilesBuildPhase;
			buildActionMask = 2147483647;
			dstPath = "$(EXTENSIONS_FOLDER_PATH)";
			dstSubfolderSpec = 16;
			files = (
				150D87B12D99D47500F37F26 /* LEDControlIntent.appex in Embed ExtensionKit Extensions */,
			);
			name = "Embed ExtensionKit Extensions";
			runOnlyForDeploymentPostprocessing = 0;
		};
/* End PBXCopyFilesBuildPhase section */

/* Begin PBXFileReference section */
		150D87A82D99D47500F37F26 /* LEDControlIntent.appex */ = {isa = PBXFileReference; explicitFileType = "wrapper.extensionkit-extension"; includeInIndex = 0; path = LEDControlIntent.appex; sourceTree = BUILT_PRODUCTS_DIR; };
		1579B56C2D87A740004E829C /* led-hub-client.app */ = {isa = PBXFileReference; explicitFileType = wrapper.application; includeInIndex = 0; path = "led-hub-client.app"; sourceTree = BUILT_PRODUCTS_DIR; };
		1579B57C2D87A741004E829C /* led-hub-clientTests.xctest */ = {isa = PBXFileReference; explicitFileType = wrapper.cfbundle; includeInIndex = 0; path = "led-hub-clientTests.xctest"; sourceTree = BUILT_PRODUCTS_DIR; };
		1579B5862D87A741004E829C /* led-hub-clientUITests.xctest */ = {isa = PBXFileReference; explicitFileType = wrapper.cfbundle; includeInIndex = 0; path = "led-hub-clientUITests.xctest"; sourceTree = BUILT_PRODUCTS_DIR; };
/* End PBXFileReference section */

/* Begin PBXFileSystemSynchronizedBuildFileExceptionSet section */
		150D87B52D99D47500F37F26 /* Exceptions for "LEDControlIntent" folder in "LEDControlIntent" target */ = {
			isa = PBXFileSystemSynchronizedBuildFileExceptionSet;
			membershipExceptions = (
				Info.plist,
			);
			target = 150D87A72D99D47500F37F26 /* LEDControlIntent */;
		};
		150D87B82D99D61F00F37F26 /* Exceptions for "led-hub-client" folder in "LEDControlIntent" target */ = {
			isa = PBXFileSystemSynchronizedBuildFileExceptionSet;
			membershipExceptions = (
				Services/SpeechService.swift,
			);
			target = 150D87A72D99D47500F37F26 /* LEDControlIntent */;
		};
		158A7BF02D93A58A006B17CC /* Exceptions for "led-hub-client" folder in "led-hub-client" target */ = {
			isa = PBXFileSystemSynchronizedBuildFileExceptionSet;
			membershipExceptions = (
				Info.plist,
			);
			target = 1579B56B2D87A740004E829C /* led-hub-client */;
		};
/* End PBXFileSystemSynchronizedBuildFileExceptionSet section */

/* Begin PBXFileSystemSynchronizedRootGroup section */
		150D87A92D99D47500F37F26 /* LEDControlIntent */ = {
			isa = PBXFileSystemSynchronizedRootGroup;
			exceptions = (
				150D87B52D99D47500F37F26 /* Exceptions for "LEDControlIntent" folder in "LEDControlIntent" target */,
			);
			path = LEDControlIntent;
			sourceTree = "<group>";
		};
		1579B56E2D87A740004E829C /* led-hub-client */ = {
			isa = PBXFileSystemSynchronizedRootGroup;
			exceptions = (
				158A7BF02D93A58A006B17CC /* Exceptions for "led-hub-client" folder in "led-hub-client" target */,
				150D87B82D99D61F00F37F26 /* Exceptions for "led-hub-client" folder in "LEDControlIntent" target */,
			);
			path = "led-hub-client";
			sourceTree = "<group>";
		};
		1579B57F2D87A741004E829C /* led-hub-clientTests */ = {
			isa = PBXFileSystemSynchronizedRootGroup;
			path = "led-hub-clientTests";
			sourceTree = "<group>";
		};
		1579B5892D87A741004E829C /* led-hub-clientUITests */ = {
			isa = PBXFileSystemSynchronizedRootGroup;
			path = "led-hub-clientUITests";
			sourceTree = "<group>";
		};
/* End PBXFileSystemSynchronizedRootGroup section */

/* Begin PBXFrameworksBuildPhase section */
		150D87A52D99D47500F37F26 /* Frameworks */ = {
			isa = PBXFrameworksBuildPhase;
			buildActionMask = 2147483647;
			files = (
			);
			runOnlyForDeploymentPostprocessing = 0;
		};
		1579B5692D87A740004E829C /* Frameworks */ = {
			isa = PBXFrameworksBuildPhase;
			buildActionMask = 2147483647;
			files = (
			);
			runOnlyForDeploymentPostprocessing = 0;
		};
		1579B5792D87A741004E829C /* Frameworks */ = {
			isa = PBXFrameworksBuildPhase;
			buildActionMask = 2147483647;
			files = (
			);
			runOnlyForDeploymentPostprocessing = 0;
		};
		1579B5832D87A741004E829C /* Frameworks */ = {
			isa = PBXFrameworksBuildPhase;
			buildActionMask = 2147483647;
			files = (
			);
			runOnlyForDeploymentPostprocessing = 0;
		};
/* End PBXFrameworksBuildPhase section */

/* Begin PBXGroup section */
		1579B5632D87A740004E829C = {
			isa = PBXGroup;
			children = (
				1579B56E2D87A740004E829C /* led-hub-client */,
				1579B57F2D87A741004E829C /* led-hub-clientTests */,
				1579B5892D87A741004E829C /* led-hub-clientUITests */,
				150D87A92D99D47500F37F26 /* LEDControlIntent */,
				1579B56D2D87A740004E829C /* Products */,
			);
			sourceTree = "<group>";
		};
		1579B56D2D87A740004E829C /* Products */ = {
			isa = PBXGroup;
			children = (
				1579B56C2D87A740004E829C /* led-hub-client.app */,
				1579B57C2D87A741004E829C /* led-hub-clientTests.xctest */,
				1579B5862D87A741004E829C /* led-hub-clientUITests.xctest */,
				150D87A82D99D47500F37F26 /* LEDControlIntent.appex */,
			);
			name = Products;
			sourceTree = "<group>";
		};
/* End PBXGroup section */

/* Begin PBXNativeTarget section */
		150D87A72D99D47500F37F26 /* LEDControlIntent */ = {
			isa = PBXNativeTarget;
			buildConfigurationList = 150D87B22D99D47500F37F26 /* Build configuration list for PBXNativeTarget "LEDControlIntent" */;
			buildPhases = (
				150D87A42D99D47500F37F26 /* Sources */,
				150D87A52D99D47500F37F26 /* Frameworks */,
				150D87A62D99D47500F37F26 /* Resources */,
			);
			buildRules = (
			);
			dependencies = (
			);
			fileSystemSynchronizedGroups = (
				150D87A92D99D47500F37F26 /* LEDControlIntent */,
			);
			name = LEDControlIntent;
			packageProductDependencies = (
			);
			productName = LEDControlIntent;
			productReference = 150D87A82D99D47500F37F26 /* LEDControlIntent.appex */;
			productType = "com.apple.product-type.extensionkit-extension";
		};
		1579B56B2D87A740004E829C /* led-hub-client */ = {
			isa = PBXNativeTarget;
			buildConfigurationList = 1579B5902D87A741004E829C /* Build configuration list for PBXNativeTarget "led-hub-client" */;
			buildPhases = (
				1579B5682D87A740004E829C /* Sources */,
				1579B5692D87A740004E829C /* Frameworks */,
				1579B56A2D87A740004E829C /* Resources */,
				150D87B62D99D47500F37F26 /* Embed ExtensionKit Extensions */,
			);
			buildRules = (
			);
			dependencies = (
				150D87B02D99D47500F37F26 /* PBXTargetDependency */,
			);
			fileSystemSynchronizedGroups = (
				1579B56E2D87A740004E829C /* led-hub-client */,
			);
			name = "led-hub-client";
			packageProductDependencies = (
			);
			productName = "led-hub-client";
			productReference = 1579B56C2D87A740004E829C /* led-hub-client.app */;
			productType = "com.apple.product-type.application";
		};
		1579B57B2D87A741004E829C /* led-hub-clientTests */ = {
			isa = PBXNativeTarget;
			buildConfigurationList = 1579B5932D87A741004E829C /* Build configuration list for PBXNativeTarget "led-hub-clientTests" */;
			buildPhases = (
				1579B5782D87A741004E829C /* Sources */,
				1579B5792D87A741004E829C /* Frameworks */,
				1579B57A2D87A741004E829C /* Resources */,
			);
			buildRules = (
			);
			dependencies = (
				1579B57E2D87A741004E829C /* PBXTargetDependency */,
			);
			fileSystemSynchronizedGroups = (
				1579B57F2D87A741004E829C /* led-hub-clientTests */,
			);
			name = "led-hub-clientTests";
			packageProductDependencies = (
			);
			productName = "led-hub-clientTests";
			productReference = 1579B57C2D87A741004E829C /* led-hub-clientTests.xctest */;
			productType = "com.apple.product-type.bundle.unit-test";
		};
		1579B5852D87A741004E829C /* led-hub-clientUITests */ = {
			isa = PBXNativeTarget;
			buildConfigurationList = 1579B5962D87A741004E829C /* Build configuration list for PBXNativeTarget "led-hub-clientUITests" */;
			buildPhases = (
				1579B5822D87A741004E829C /* Sources */,
				1579B5832D87A741004E829C /* Frameworks */,
				1579B5842D87A741004E829C /* Resources */,
			);
			buildRules = (
			);
			dependencies = (
				1579B5882D87A741004E829C /* PBXTargetDependency */,
			);
			fileSystemSynchronizedGroups = (
				1579B5892D87A741004E829C /* led-hub-clientUITests */,
			);
			name = "led-hub-clientUITests";
			packageProductDependencies = (
			);
			productName = "led-hub-clientUITests";
			productReference = 1579B5862D87A741004E829C /* led-hub-clientUITests.xctest */;
			productType = "com.apple.product-type.bundle.ui-testing";
		};
/* End PBXNativeTarget section */

/* Begin PBXProject section */
		1579B5642D87A740004E829C /* Project object */ = {
			isa = PBXProject;
			attributes = {
				BuildIndependentTargetsInParallel = 1;
				LastSwiftUpdateCheck = 1620;
				LastUpgradeCheck = 1620;
				TargetAttributes = {
					150D87A72D99D47500F37F26 = {
						CreatedOnToolsVersion = 16.2;
					};
					1579B56B2D87A740004E829C = {
						CreatedOnToolsVersion = 16.2;
					};
					1579B57B2D87A741004E829C = {
						CreatedOnToolsVersion = 16.2;
						TestTargetID = 1579B56B2D87A740004E829C;
					};
					1579B5852D87A741004E829C = {
						CreatedOnToolsVersion = 16.2;
						TestTargetID = 1579B56B2D87A740004E829C;
					};
				};
			};
			buildConfigurationList = 1579B5672D87A740004E829C /* Build configuration list for PBXProject "led-hub-client" */;
			developmentRegion = en;
			hasScannedForEncodings = 0;
			knownRegions = (
				en,
				Base,
			);
			mainGroup = 1579B5632D87A740004E829C;
			minimizedProjectReferenceProxies = 1;
			preferredProjectObjectVersion = 77;
			productRefGroup = 1579B56D2D87A740004E829C /* Products */;
			projectDirPath = "";
			projectRoot = "";
			targets = (
				1579B56B2D87A740004E829C /* led-hub-client */,
				1579B57B2D87A741004E829C /* led-hub-clientTests */,
				1579B5852D87A741004E829C /* led-hub-clientUITests */,
				150D87A72D99D47500F37F26 /* LEDControlIntent */,
			);
		};
/* End PBXProject section */

/* Begin PBXResourcesBuildPhase section */
		150D87A62D99D47500F37F26 /* Resources */ = {
			isa = PBXResourcesBuildPhase;
			buildActionMask = 2147483647;
			files = (
			);
			runOnlyForDeploymentPostprocessing = 0;
		};
		1579B56A2D87A740004E829C /* Resources */ = {
			isa = PBXResourcesBuildPhase;
			buildActionMask = 2147483647;
			files = (
			);
			runOnlyForDeploymentPostprocessing = 0;
		};
		1579B57A2D87A741004E829C /* Resources */ = {
			isa = PBXResourcesBuildPhase;
			buildActionMask = 2147483647;
			files = (
			);
			runOnlyForDeploymentPostprocessing = 0;
		};
		1579B5842D87A741004E829C /* Resources */ = {
			isa = PBXResourcesBuildPhase;
			buildActionMask = 2147483647;
			files = (
			);
			runOnlyForDeploymentPostprocessing = 0;
		};
/* End PBXResourcesBuildPhase section */

/* Begin PBXSourcesBuildPhase section */
		150D87A42D99D47500F37F26 /* Sources */ = {
			isa = PBXSourcesBuildPhase;
			buildActionMask = 2147483647;
			files = (
			);
			runOnlyForDeploymentPostprocessing = 0;
		};
		1579B5682D87A740004E829C /* Sources */ = {
			isa = PBXSourcesBuildPhase;
			buildActionMask = 2147483647;
			files = (
			);
			runOnlyForDeploymentPostprocessing = 0;
		};
		1579B5782D87A741004E829C /* Sources */ = {
			isa = PBXSourcesBuildPhase;
			buildActionMask = 2147483647;
			files = (
			);
			runOnlyForDeploymentPostprocessing = 0;
		};
		1579B5822D87A741004E829C /* Sources */ = {
			isa = PBXSourcesBuildPhase;
			buildActionMask = 2147483647;
			files = (
			);
			runOnlyForDeploymentPostprocessing = 0;
		};
/* End PBXSourcesBuildPhase section */

/* Begin PBXTargetDependency section */
		150D87B02D99D47500F37F26 /* PBXTargetDependency */ = {
			isa = PBXTargetDependency;
			target = 150D87A72D99D47500F37F26 /* LEDControlIntent */;
			targetProxy = 150D87AF2D99D47500F37F26 /* PBXContainerItemProxy */;
		};
		1579B57E2D87A741004E829C /* PBXTargetDependency */ = {
			isa = PBXTargetDependency;
			target = 1579B56B2D87A740004E829C /* led-hub-client */;
			targetProxy = 1579B57D2D87A741004E829C /* PBXContainerItemProxy */;
		};
		1579B5882D87A741004E829C /* PBXTargetDependency */ = {
			isa = PBXTargetDependency;
			target = 1579B56B2D87A740004E829C /* led-hub-client */;
			targetProxy = 1579B5872D87A741004E829C /* PBXContainerItemProxy */;
		};
/* End PBXTargetDependency section */

/* Begin XCBuildConfiguration section */
		150D87B32D99D47500F37F26 /* Debug */ = {
			isa = XCBuildConfiguration;
			buildSettings = {
				CODE_SIGN_STYLE = Automatic;
				CURRENT_PROJECT_VERSION = 1;
				DEVELOPMENT_TEAM = Q2LN8PLB5T;
				GENERATE_INFOPLIST_FILE = YES;
				INFOPLIST_FILE = LEDControlIntent/Info.plist;
				INFOPLIST_KEY_CFBundleDisplayName = LEDControlIntent;
				INFOPLIST_KEY_NSHumanReadableCopyright = "";
				LD_RUNPATH_SEARCH_PATHS = (
					"$(inherited)",
					"@executable_path/Frameworks",
					"@executable_path/../../Frameworks",
				);
				MARKETING_VERSION = 1.0;
				PRODUCT_BUNDLE_IDENTIFIER = "opperudhome.led-hub-client.LEDControlIntent";
				PRODUCT_NAME = "$(TARGET_NAME)";
				SKIP_INSTALL = YES;
				SWIFT_EMIT_LOC_STRINGS = YES;
				SWIFT_VERSION = 5.0;
				TARGETED_DEVICE_FAMILY = "1,2";
			};
			name = Debug;
		};
		150D87B42D99D47500F37F26 /* Release */ = {
			isa = XCBuildConfiguration;
			buildSettings = {
				CODE_SIGN_STYLE = Automatic;
				CURRENT_PROJECT_VERSION = 1;
				DEVELOPMENT_TEAM = Q2LN8PLB5T;
				GENERATE_INFOPLIST_FILE = YES;
				INFOPLIST_FILE = LEDControlIntent/Info.plist;
				INFOPLIST_KEY_CFBundleDisplayName = LEDControlIntent;
				INFOPLIST_KEY_NSHumanReadableCopyright = "";
				LD_RUNPATH_SEARCH_PATHS = (
					"$(inherited)",
					"@executable_path/Frameworks",
					"@executable_path/../../Frameworks",
				);
				MARKETING_VERSION = 1.0;
				PRODUCT_BUNDLE_IDENTIFIER = "opperudhome.led-hub-client.LEDControlIntent";
				PRODUCT_NAME = "$(TARGET_NAME)";
				SKIP_INSTALL = YES;
				SWIFT_EMIT_LOC_STRINGS = YES;
				SWIFT_VERSION = 5.0;
				TARGETED_DEVICE_FAMILY = "1,2";
			};
			name = Release;
		};
		1579B58E2D87A741004E829C /* Debug */ = {
			isa = XCBuildConfiguration;
			buildSettings = {
				ALWAYS_SEARCH_USER_PATHS = NO;
				ASSETCATALOG_COMPILER_GENERATE_SWIFT_ASSET_SYMBOL_EXTENSIONS = YES;
				CLANG_ANALYZER_NONNULL = YES;
				CLANG_ANALYZER_NUMBER_OBJECT_CONVERSION = YES_AGGRESSIVE;
				CLANG_CXX_LANGUAGE_STANDARD = "gnu++20";
				CLANG_ENABLE_MODULES = YES;
				CLANG_ENABLE_OBJC_ARC = YES;
				CLANG_ENABLE_OBJC_WEAK = YES;
				CLANG_WARN_BLOCK_CAPTURE_AUTORELEASING = YES;
				CLANG_WARN_BOOL_CONVERSION = YES;
				CLANG_WARN_COMMA = YES;
				CLANG_WARN_CONSTANT_CONVERSION = YES;
				CLANG_WARN_DEPRECATED_OBJC_IMPLEMENTATIONS = YES;
				CLANG_WARN_DIRECT_OBJC_ISA_USAGE = YES_ERROR;
				CLANG_WARN_DOCUMENTATION_COMMENTS = YES;
				CLANG_WARN_EMPTY_BODY = YES;
				CLANG_WARN_ENUM_CONVERSION = YES;
				CLANG_WARN_INFINITE_RECURSION = YES;
				CLANG_WARN_INT_CONVERSION = YES;
				CLANG_WARN_NON_LITERAL_NULL_CONVERSION = YES;
				CLANG_WARN_OBJC_IMPLICIT_RETAIN_SELF = YES;
				CLANG_WARN_OBJC_LITERAL_CONVERSION = YES;
				CLANG_WARN_OBJC_ROOT_CLASS = YES_ERROR;
				CLANG_WARN_QUOTED_INCLUDE_IN_FRAMEWORK_HEADER = YES;
				CLANG_WARN_RANGE_LOOP_ANALYSIS = YES;
				CLANG_WARN_STRICT_PROTOTYPES = YES;
				CLANG_WARN_SUSPICIOUS_MOVE = YES;
				CLANG_WARN_UNGUARDED_AVAILABILITY = YES_AGGRESSIVE;
				CLANG_WARN_UNREACHABLE_CODE = YES;
				CLANG_WARN__DUPLICATE_METHOD_MATCH = YES;
				COPY_PHASE_STRIP = NO;
				DEBUG_INFORMATION_FORMAT = dwarf;
				ENABLE_STRICT_OBJC_MSGSEND = YES;
				ENABLE_TESTABILITY = YES;
				ENABLE_USER_SCRIPT_SANDBOXING = YES;
				GCC_C_LANGUAGE_STANDARD = gnu17;
				GCC_DYNAMIC_NO_PIC = NO;
				GCC_NO_COMMON_BLOCKS = YES;
				GCC_OPTIMIZATION_LEVEL = 0;
				GCC_PREPROCESSOR_DEFINITIONS = (
					"DEBUG=1",
					"$(inherited)",
				);
				GCC_WARN_64_TO_32_BIT_CONVERSION = YES;
				GCC_WARN_ABOUT_RETURN_TYPE = YES_ERROR;
				GCC_WARN_UNDECLARED_SELECTOR = YES;
				GCC_WARN_UNINITIALIZED_AUTOS = YES_AGGRESSIVE;
				GCC_WARN_UNUSED_FUNCTION = YES;
				GCC_WARN_UNUSED_VARIABLE = YES;
				IPHONEOS_DEPLOYMENT_TARGET = 18.2;
				LOCALIZATION_PREFERS_STRING_CATALOGS = YES;
				MTL_ENABLE_DEBUG_INFO = INCLUDE_SOURCE;
				MTL_FAST_MATH = YES;
				ONLY_ACTIVE_ARCH = YES;
				SDKROOT = iphoneos;
				SWIFT_ACTIVE_COMPILATION_CONDITIONS = "DEBUG $(inherited)";
				SWIFT_OPTIMIZATION_LEVEL = "-Onone";
			};
			name = Debug;
		};
		1579B58F2D87A741004E829C /* Release */ = {
			isa = XCBuildConfiguration;
			buildSettings = {
				ALWAYS_SEARCH_USER_PATHS = NO;
				ASSETCATALOG_COMPILER_GENERATE_SWIFT_ASSET_SYMBOL_EXTENSIONS = YES;
				CLANG_ANALYZER_NONNULL = YES;
				CLANG_ANALYZER_NUMBER_OBJECT_CONVERSION = YES_AGGRESSIVE;
				CLANG_CXX_LANGUAGE_STANDARD = "gnu++20";
				CLANG_ENABLE_MODULES = YES;
				CLANG_ENABLE_OBJC_ARC = YES;
				CLANG_ENABLE_OBJC_WEAK = YES;
				CLANG_WARN_BLOCK_CAPTURE_AUTORELEASING = YES;
				CLANG_WARN_BOOL_CONVERSION = YES;
				CLANG_WARN_COMMA = YES;
				CLANG_WARN_CONSTANT_CONVERSION = YES;
				CLANG_WARN_DEPRECATED_OBJC_IMPLEMENTATIONS = YES;
				CLANG_WARN_DIRECT_OBJC_ISA_USAGE = YES_ERROR;
				CLANG_WARN_DOCUMENTATION_COMMENTS = YES;
				CLANG_WARN_EMPTY_BODY = YES;
				CLANG_WARN_ENUM_CONVERSION = YES;
				CLANG_WARN_INFINITE_RECURSION = YES;
				CLANG_WARN_INT_CONVERSION = YES;
				CLANG_WARN_NON_LITERAL_NULL_CONVERSION = YES;
				CLANG_WARN_OBJC_IMPLICIT_RETAIN_SELF = YES;
				CLANG_WARN_OBJC_LITERAL_CONVERSION = YES;
				CLANG_WARN_OBJC_ROOT_CLASS = YES_ERROR;
				CLANG_WARN_QUOTED_INCLUDE_IN_FRAMEWORK_HEADER = YES;
				CLANG_WARN_RANGE_LOOP_ANALYSIS = YES;
				CLANG_WARN_STRICT_PROTOTYPES = YES;
				CLANG_WARN_SUSPICIOUS_MOVE = YES;
				CLANG_WARN_UNGUARDED_AVAILABILITY = YES_AGGRESSIVE;
				CLANG_WARN_UNREACHABLE_CODE = YES;
				CLANG_WARN__DUPLICATE_METHOD_MATCH = YES;
				COPY_PHASE_STRIP = NO;
				DEBUG_INFORMATION_FORMAT = "dwarf-with-dsym";
				ENABLE_NS_ASSERTIONS = NO;
				ENABLE_STRICT_OBJC_MSGSEND = YES;
				ENABLE_USER_SCRIPT_SANDBOXING = YES;
				GCC_C_LANGUAGE_STANDARD = gnu17;
				GCC_NO_COMMON_BLOCKS = YES;
				GCC_WARN_64_TO_32_BIT_CONVERSION = YES;
				GCC_WARN_ABOUT_RETURN_TYPE = YES_ERROR;
				GCC_WARN_UNDECLARED_SELECTOR = YES;
				GCC_WARN_UNINITIALIZED_AUTOS = YES_AGGRESSIVE;
				GCC_WARN_UNUSED_FUNCTION = YES;
				GCC_WARN_UNUSED_VARIABLE = YES;
				IPHONEOS_DEPLOYMENT_TARGET = 18.2;
				LOCALIZATION_PREFERS_STRING_CATALOGS = YES;
				MTL_ENABLE_DEBUG_INFO = NO;
				MTL_FAST_MATH = YES;
				SDKROOT = iphoneos;
				SWIFT_COMPILATION_MODE = wholemodule;
				VALIDATE_PRODUCT = YES;
			};
			name = Release;
		};
		1579B5912D87A741004E829C /* Debug */ = {
			isa = XCBuildConfiguration;
			buildSettings = {
				ASSETCATALOG_COMPILER_APPICON_NAME = AppIcon;
				ASSETCATALOG_COMPILER_GLOBAL_ACCENT_COLOR_NAME = AccentColor;
				CODE_SIGN_STYLE = Automatic;
				CURRENT_PROJECT_VERSION = 1;
				DEVELOPMENT_ASSET_PATHS = "\"led-hub-client/Preview Content\"";
				DEVELOPMENT_TEAM = Q2LN8PLB5T;
				ENABLE_PREVIEWS = YES;
				GENERATE_INFOPLIST_FILE = YES;
				INFOPLIST_FILE = "led-hub-client/Info.plist";
				INFOPLIST_KEY_LSApplicationCategoryType = "";
				INFOPLIST_KEY_NSMicrophoneUsageDescription = "Allow app to use microphone to record voice commands?";
				INFOPLIST_KEY_NSSpeechRecognitionUsageDescription = "Allow app to transcribe your voice to send voice commands?";
				INFOPLIST_KEY_UIApplicationSceneManifest_Generation = YES;
				INFOPLIST_KEY_UIApplicationSupportsIndirectInputEvents = YES;
				INFOPLIST_KEY_UILaunchScreen_Generation = YES;
				INFOPLIST_KEY_UISupportedInterfaceOrientations_iPad = "UIInterfaceOrientationPortrait UIInterfaceOrientationPortraitUpsideDown UIInterfaceOrientationLandscapeLeft UIInterfaceOrientationLandscapeRight";
				INFOPLIST_KEY_UISupportedInterfaceOrientations_iPhone = "UIInterfaceOrientationPortrait UIInterfaceOrientationLandscapeLeft UIInterfaceOrientationLandscapeRight";
				LD_RUNPATH_SEARCH_PATHS = (
					"$(inherited)",
					"@executable_path/Frameworks",
				);
				MARKETING_VERSION = 1.0;
				PRODUCT_BUNDLE_IDENTIFIER = "opperudhome.led-hub-client";
				PRODUCT_NAME = "$(TARGET_NAME)";
				SWIFT_EMIT_LOC_STRINGS = YES;
				SWIFT_VERSION = 5.0;
				TARGETED_DEVICE_FAMILY = "1,2";
			};
			name = Debug;
		};
		1579B5922D87A741004E829C /* Release */ = {
			isa = XCBuildConfiguration;
			buildSettings = {
				ASSETCATALOG_COMPILER_APPICON_NAME = AppIcon;
				ASSETCATALOG_COMPILER_GLOBAL_ACCENT_COLOR_NAME = AccentColor;
				CODE_SIGN_STYLE = Automatic;
				CURRENT_PROJECT_VERSION = 1;
				DEVELOPMENT_ASSET_PATHS = "\"led-hub-client/Preview Content\"";
				DEVELOPMENT_TEAM = Q2LN8PLB5T;
				ENABLE_PREVIEWS = YES;
				GENERATE_INFOPLIST_FILE = YES;
				INFOPLIST_FILE = "led-hub-client/Info.plist";
				INFOPLIST_KEY_LSApplicationCategoryType = "";
				INFOPLIST_KEY_NSMicrophoneUsageDescription = "Allow app to use microphone to record voice commands?";
				INFOPLIST_KEY_NSSpeechRecognitionUsageDescription = "Allow app to transcribe your voice to send voice commands?";
				INFOPLIST_KEY_UIApplicationSceneManifest_Generation = YES;
				INFOPLIST_KEY_UIApplicationSupportsIndirectInputEvents = YES;
				INFOPLIST_KEY_UILaunchScreen_Generation = YES;
				INFOPLIST_KEY_UISupportedInterfaceOrientations_iPad = "UIInterfaceOrientationPortrait UIInterfaceOrientationPortraitUpsideDown UIInterfaceOrientationLandscapeLeft UIInterfaceOrientationLandscapeRight";
				INFOPLIST_KEY_UISupportedInterfaceOrientations_iPhone = "UIInterfaceOrientationPortrait UIInterfaceOrientationLandscapeLeft UIInterfaceOrientationLandscapeRight";
				LD_RUNPATH_SEARCH_PATHS = (
					"$(inherited)",
					"@executable_path/Frameworks",
				);
				MARKETING_VERSION = 1.0;
				PRODUCT_BUNDLE_IDENTIFIER = "opperudhome.led-hub-client";
				PRODUCT_NAME = "$(TARGET_NAME)";
				SWIFT_EMIT_LOC_STRINGS = YES;
				SWIFT_VERSION = 5.0;
				TARGETED_DEVICE_FAMILY = "1,2";
			};
			name = Release;
		};
		1579B5942D87A741004E829C /* Debug */ = {
			isa = XCBuildConfiguration;
			buildSettings = {
				BUNDLE_LOADER = "$(TEST_HOST)";
				CODE_SIGN_STYLE = Automatic;
				CURRENT_PROJECT_VERSION = 1;
				GENERATE_INFOPLIST_FILE = YES;
				IPHONEOS_DEPLOYMENT_TARGET = 18.2;
				MARKETING_VERSION = 1.0;
				PRODUCT_BUNDLE_IDENTIFIER = "opperudhome.led-hub-clientTests";
				PRODUCT_NAME = "$(TARGET_NAME)";
				SWIFT_EMIT_LOC_STRINGS = NO;
				SWIFT_VERSION = 5.0;
				TARGETED_DEVICE_FAMILY = "1,2";
				TEST_HOST = "$(BUILT_PRODUCTS_DIR)/led-hub-client.app/$(BUNDLE_EXECUTABLE_FOLDER_PATH)/led-hub-client";
			};
			name = Debug;
		};
		1579B5952D87A741004E829C /* Release */ = {
			isa = XCBuildConfiguration;
			buildSettings = {
				BUNDLE_LOADER = "$(TEST_HOST)";
				CODE_SIGN_STYLE = Automatic;
				CURRENT_PROJECT_VERSION = 1;
				GENERATE_INFOPLIST_FILE = YES;
				IPHONEOS_DEPLOYMENT_TARGET = 18.2;
				MARKETING_VERSION = 1.0;
				PRODUCT_BUNDLE_IDENTIFIER = "opperudhome.led-hub-clientTests";
				PRODUCT_NAME = "$(TARGET_NAME)";
				SWIFT_EMIT_LOC_STRINGS = NO;
				SWIFT_VERSION = 5.0;
				TARGETED_DEVICE_FAMILY = "1,2";
				TEST_HOST = "$(BUILT_PRODUCTS_DIR)/led-hub-client.app/$(BUNDLE_EXECUTABLE_FOLDER_PATH)/led-hub-client";
			};
			name = Release;
		};
		1579B5972D87A741004E829C /* Debug */ = {
			isa = XCBuildConfiguration;
			buildSettings = {
				CODE_SIGN_STYLE = Automatic;
				CURRENT_PROJECT_VERSION = 1;
				GENERATE_INFOPLIST_FILE = YES;
				MARKETING_VERSION = 1.0;
				PRODUCT_BUNDLE_IDENTIFIER = "opperudhome.led-hub-clientUITests";
				PRODUCT_NAME = "$(TARGET_NAME)";
				SWIFT_EMIT_LOC_STRINGS = NO;
				SWIFT_VERSION = 5.0;
				TARGETED_DEVICE_FAMILY = "1,2";
				TEST_TARGET_NAME = "led-hub-client";
			};
			name = Debug;
		};
		1579B5982D87A741004E829C /* Release */ = {
			isa = XCBuildConfiguration;
			buildSettings = {
				CODE_SIGN_STYLE = Automatic;
				CURRENT_PROJECT_VERSION = 1;
				GENERATE_INFOPLIST_FILE = YES;
				MARKETING_VERSION = 1.0;
				PRODUCT_BUNDLE_IDENTIFIER = "opperudhome.led-hub-clientUITests";
				PRODUCT_NAME = "$(TARGET_NAME)";
				SWIFT_EMIT_LOC_STRINGS = NO;
				SWIFT_VERSION = 5.0;
				TARGETED_DEVICE_FAMILY = "1,2";
				TEST_TARGET_NAME = "led-hub-client";
			};
			name = Release;
		};
/* End XCBuildConfiguration section */

/* Begin XCConfigurationList section */
		150D87B22D99D47500F37F26 /* Build configuration list for PBXNativeTarget "LEDControlIntent" */ = {
			isa = XCConfigurationList;
			buildConfigurations = (
				150D87B32D99D47500F37F26 /* Debug */,
				150D87B42D99D47500F37F26 /* Release */,
			);
			defaultConfigurationIsVisible = 0;
			defaultConfigurationName = Release;
		};
		1579B5672D87A740004E829C /* Build configuration list for PBXProject "led-hub-client" */ = {
			isa = XCConfigurationList;
			buildConfigurations = (
				1579B58E2D87A741004E829C /* Debug */,
				1579B58F2D87A741004E829C /* Release */,
			);
			defaultConfigurationIsVisible = 0;
			defaultConfigurationName = Release;
		};
		1579B5902D87A741004E829C /* Build configuration list for PBXNativeTarget "led-hub-client" */ = {
			isa = XCConfigurationList;
			buildConfigurations = (
				1579B5912D87A741004E829C /* Debug */,
				1579B5922D87A741004E829C /* Release */,
			);
			defaultConfigurationIsVisible = 0;
			defaultConfigurationName = Release;
		};
		1579B5932D87A741004E829C /* Build configuration list for PBXNativeTarget "led-hub-clientTests" */ = {
			isa = XCConfigurationList;
			buildConfigurations = (
				1579B5942D87A741004E829C /* Debug */,
				1579B5952D87A741004E829C /* Release */,
			);
			defaultConfigurationIsVisible = 0;
			defaultConfigurationName = Release;
		};
		1579B5962D87A741004E829C /* Build configuration list for PBXNativeTarget "led-hub-clientUITests" */ = {
			isa = XCConfigurationList;
			buildConfigurations = (
				1579B5972D87A741004E829C /* Debug */,
				1579B5982D87A741004E829C /* Release */,
			);
			defaultConfigurationIsVisible = 0;
			defaultConfigurationName = Release;
		};
/* End XCConfigurationList section */
	};
	rootObject = 1579B5642D87A740004E829C /* Project object */;
}
